Microsoft Visual Studio Solution File, Format Version 11.00
# Visual Studio 2010
Project("{FAE04EC0-301F-11D3-BF4B-00C04F79EFBC}") = "Fubu", "Fubu\Fubu.csproj", "{90DBE31C-948D-47AF-8C17-0056511A7313}"
EndProject
Project("{FAE04EC0-301F-11D3-BF4B-00C04F79EFBC}") = "fubu.Testing", "fubu.Testing\fubu.Testing.csproj", "{C2F4F7E8-2DD6-41F5-9D11-1224892FC1B7}"
EndProject
Project("{FAE04EC0-301F-11D3-BF4B-00C04F79EFBC}") = "FubuApp", "FubuApp\FubuApp.csproj", "{8A284565-46C1-47ED-A44D-C4BF8384B9E2}"
EndProject
Project("{FAE04EC0-301F-11D3-BF4B-00C04F79EFBC}") = "fubu.Docs", "fubu.Docs\fubu.Docs.csproj", "{31845855-A4E7-411C-BA50-007BCD1816E0}"
EndProject
Global
	GlobalSection(SolutionConfigurationPlatforms) = preSolution
		Debug|Any CPU = Debug|Any CPU
		Release|Any CPU = Release|Any CPU
	EndGlobalSection
	GlobalSection(ProjectConfigurationPlatforms) = postSolution
		{90DBE31C-948D-47AF-8C17-0056511A7313}.Debug|Any CPU.ActiveCfg = Debug|Any CPU
		{90DBE31C-948D-47AF-8C17-0056511A7313}.Debug|Any CPU.Build.0 = Debug|Any CPU
		{90DBE31C-948D-47AF-8C17-0056511A7313}.Release|Any CPU.ActiveCfg = Release|Any CPU
		{90DBE31C-948D-47AF-8C17-0056511A7313}.Release|Any CPU.Build.0 = Release|Any CPU
		{C2F4F7E8-2DD6-41F5-9D11-1224892FC1B7}.Debug|Any CPU.ActiveCfg = Debug|Any CPU
		{C2F4F7E8-2DD6-41F5-9D11-1224892FC1B7}.Debug|Any CPU.Build.0 = Debug|Any CPU
		{C2F4F7E8-2DD6-41F5-9D11-1224892FC1B7}.Release|Any CPU.ActiveCfg = Release|Any CPU
		{C2F4F7E8-2DD6-41F5-9D11-1224892FC1B7}.Release|Any CPU.Build.0 = Release|Any CPU
		{8A284565-46C1-47ED-A44D-C4BF8384B9E2}.Debug|Any CPU.ActiveCfg = Debug|Any CPU
		{8A284565-46C1-47ED-A44D-C4BF8384B9E2}.Debug|Any CPU.Build.0 = Debug|Any CPU
		{8A284565-46C1-47ED-A44D-C4BF8384B9E2}.Release|Any CPU.ActiveCfg = Release|Any CPU
		{8A284565-46C1-47ED-A44D-C4BF8384B9E2}.Release|Any CPU.Build.0 = Release|Any CPU
		{31845855-A4E7-411C-BA50-007BCD1816E0}.Debug|Any CPU.ActiveCfg = Debug|Any CPU
		{31845855-A4E7-411C-BA50-007BCD1816E0}.Debug|Any CPU.Build.0 = Debug|Any CPU
		{31845855-A4E7-411C-BA50-007BCD1816E0}.Release|Any CPU.ActiveCfg = Release|Any CPU
		{31845855-A4E7-411C-BA50-007BCD1816E0}.Release|Any CPU.Build.0 = Release|Any CPU
	EndGlobalSection
	GlobalSection(SolutionProperties) = preSolution
		HideSolutionNode = FALSE
	EndGlobalSection
EndGlobal
